
Microsoft Visual Studio Solution File, Format Version 12.00
# Visual Studio Version 16
VisualStudioVersion = 16.0.29509.3
MinimumVisualStudioVersion = 10.0.40219.1
Project("{FAE04EC0-301F-11D3-BF4B-00C04F79EFBC}") = "AspNetCore22Intro", "AspNetCore22Intro\AspNetCore22Intro.csproj", "{9FE0DE59-6490-4B0D-BAAE-2E2308C17685}"
EndProject
Global
	GlobalSection(SolutionConfigurationPlatforms) = preSolution
		Debug|Any CPU = Debug|Any CPU
		Release|Any CPU = Release|Any CPU
	EndGlobalSection
	GlobalSection(ProjectConfigurationPlatforms) = postSolution
		{9FE0DE59-6490-4B0D-BAAE-2E2308C17685}.Debug|Any CPU.ActiveCfg = Debug|Any CPU
		{9FE0DE59-6490-4B0D-BAAE-2E2308C17685}.Debug|Any CPU.Build.0 = Debug|Any CPU
		{9FE0DE59-6490-4B0D-BAAE-2E2308C17685}.Release|Any CPU.ActiveCfg = Release|Any CPU
		{9FE0DE59-6490-4B0D-BAAE-2E2308C17685}.Release|Any CPU.Build.0 = Release|Any CPU
	EndGlobalSection
	GlobalSection(SolutionProperties) = preSolution
		HideSolutionNode = FALSE
	EndGlobalSection
	GlobalSection(ExtensibilityGlobals) = postSolution
		SolutionGuid = {501CF501-EC75-42A9-B424-51E68BF672F1}
	EndGlobalSection
EndGlobal
